{
  "version": 4,
  "terraform_version": "1.6.6",
  "serial": 62,
  "lineage": "5273b943-4bc6-1f59-8c13-700438a8e552",
  "outputs": {
    "vm_public_ip": {
      "value": "34.32.13.75",
      "type": "string"
    }
  },
  "resources": [
    {
      "mode": "managed",
      "type": "google_compute_firewall",
      "name": "firewall",
      "provider": "provider[\"registry.terraform.io/hashicorp/google\"]",
      "instances": [
        {
          "schema_version": 1,
          "attributes": {
            "allow": [
              {
                "ports": [
                  "80",
                  "443"
                ],
                "protocol": "tcp"
              }
            ],
            "creation_timestamp": "2023-12-31T09:10:02.663-08:00",
            "deny": [],
            "description": "",
            "destination_ranges": [],
            "direction": "INGRESS",
            "disabled": false,
            "enable_logging": null,
            "id": "projects/csb-middleware-bench/global/firewalls/allow-http-https",
            "log_config": [],
            "name": "allow-http-https",
            "network": "https://www.googleapis.com/compute/v1/projects/csb-middleware-bench/global/networks/default",
            "priority": 1000,
            "project": "csb-middleware-bench",
            "self_link": "https://www.googleapis.com/compute/v1/projects/csb-middleware-bench/global/firewalls/allow-http-https",
            "source_ranges": [
              "0.0.0.0/0"
            ],
            "source_service_accounts": null,
            "source_tags": null,
            "target_service_accounts": null,
            "target_tags": null,
            "timeouts": null
          },
          "sensitive_attributes": [],
          "private": "eyJlMmJmYjczMC1lY2FhLTExZTYtOGY4OC0zNDM2M2JjN2M0YzAiOnsiY3JlYXRlIjoxMjAwMDAwMDAwMDAwLCJkZWxldGUiOjEyMDAwMDAwMDAwMDAsInVwZGF0ZSI6MTIwMDAwMDAwMDAwMH0sInNjaGVtYV92ZXJzaW9uIjoiMSJ9"
        }
      ]
    },
    {
      "mode": "managed",
      "type": "google_compute_instance",
      "name": "vm_instance",
      "provider": "provider[\"registry.terraform.io/hashicorp/google\"]",
      "instances": [
        {
          "schema_version": 6,
          "attributes": {
            "advanced_machine_features": [],
            "allow_stopping_for_update": null,
            "attached_disk": [],
            "boot_disk": [
              {
                "auto_delete": true,
                "device_name": "persistent-disk-0",
                "disk_encryption_key_raw": "",
                "disk_encryption_key_sha256": "",
                "initialize_params": [
                  {
                    "image": "https://www.googleapis.com/compute/v1/projects/ubuntu-os-cloud/global/images/ubuntu-2204-jammy-v20231213a",
                    "labels": {},
                    "resource_manager_tags": null,
                    "size": 10,
                    "type": "pd-standard"
                  }
                ],
                "kms_key_self_link": "",
                "mode": "READ_WRITE",
                "source": "https://www.googleapis.com/compute/v1/projects/csb-middleware-bench/zones/europe-west10-a/disks/docker-vm"
              }
            ],
            "can_ip_forward": false,
            "confidential_instance_config": [],
            "cpu_platform": "AMD Rome",
            "current_status": "RUNNING",
            "deletion_protection": false,
            "description": "",
            "desired_status": null,
            "effective_labels": {},
            "enable_display": false,
            "guest_accelerator": [],
            "hostname": "",
            "id": "projects/csb-middleware-bench/zones/europe-west10-a/instances/docker-vm",
            "instance_id": "1397095797299617412",
            "label_fingerprint": "42WmSpB8rSM=",
            "labels": null,
            "machine_type": "e2-medium",
            "metadata": {
              "ssh-keys": "user_name:ssh-rsa AAAAB3NzaC1yc2EAAAADAQABAAABgQC/2FzbUc2zlHW3knDu+dI3qgsM2LHO8cm5i1uAZ2s1TKz5vxA+oR8Rh54aGTKQQKhSZbI5Cr8BoKSrfWu0hHgI6TG0zU34KvULNtyP/1NCaZ5zGn1+XeCrufdqtg3elDG1hMgvKk2feN5yq+U903OHHeRbYnuBGL/1Rs0icchkemftvOS2cNUbdUJFd5Xe6hdb6WzeWsG81Kc3BzocU0iPPiIagND9VJi41CshCvSBLO70ls1e0eEPzpoKutOFOPkcL0AOnJtp3dOhsgzfMt2TqbOp6XFrgrtP9HjS04XKacRiiKg6p2TzGfJv2XQqf6KPwWayYLXF3rfTvAKCK7AV2iPxzpIHL1cTTZdepR6MVRVCnpgv19vqpujeDxvTkiqdnmgvN5GgTJv/bnNdjKEoFhmTRKu2CH46ZKoc92PgyCSZ7e+FXA/YDLV9t8/1ikqpgLgPpVsNJBneO3tYDLwMX72AE3Yuaww++qifMQl93qoH7Y/Xno4fR8uJBf5HOUs= user_name\n"
            },
            "metadata_fingerprint": "ji8eWSaZnUg=",
            "metadata_startup_script": "sudo apt-get update -y\nsudo apt-get install ca-certificates curl gnupg -y\nsudo install -m 0755 -d /etc/apt/keyrings\ncurl -fsSL https://download.docker.com/linux/ubuntu/gpg | sudo gpg --dearmor -o /etc/apt/keyrings/docker.gpg\nsudo chmod a+r /etc/apt/keyrings/docker.gpg\n\n# Add the repository to Apt sources:\necho \\\n    \"deb [arch=\"$(dpkg --print-architecture)\" signed-by=/etc/apt/keyrings/docker.gpg] https://download.docker.com/linux/ubuntu \\\n    \"$(. /etc/os-release \u0026\u0026 echo \"$VERSION_CODENAME\")\" stable\" | \\\nsudo tee /etc/apt/sources.list.d/docker.list \u003e /dev/null\nsudo apt-get update -y\n\nsudo apt-get install docker-ce docker-ce-cli containerd.io docker-buildx-plugin docker-compose-plugin -y\n\n# Clone the repository\nsudo git clone https://github.com/louisloechel/CloudServiceBenchmarking /home/ubuntu/CloudServiceBenchmarking\n\n# Navigate to the repository directory\ncd /home/ubuntu/CloudServiceBenchmarking\n\n# Add user to docker group\nsudo usermod -aG docker louisloechel\n\n# Start a new subshell with the new group\nnewgrp docker \u003c\u003c EOF\n\n# Start docker\nsudo systemctl start docker\n\n# Build and run docker-compose\ndocker compose build\ndocker compose up -d\n\nEOF",
            "min_cpu_platform": "",
            "name": "docker-vm",
            "network_interface": [
              {
                "access_config": [
                  {
                    "nat_ip": "34.32.13.75",
                    "network_tier": "PREMIUM",
                    "public_ptr_domain_name": ""
                  }
                ],
                "alias_ip_range": [],
                "internal_ipv6_prefix_length": 0,
                "ipv6_access_config": [],
                "ipv6_access_type": "",
                "ipv6_address": "",
                "name": "nic0",
                "network": "https://www.googleapis.com/compute/v1/projects/csb-middleware-bench/global/networks/default",
                "network_ip": "10.214.0.11",
                "nic_type": "",
                "queue_count": 0,
                "stack_type": "IPV4_ONLY",
                "subnetwork": "https://www.googleapis.com/compute/v1/projects/csb-middleware-bench/regions/europe-west10/subnetworks/default",
                "subnetwork_project": "csb-middleware-bench"
              }
            ],
            "network_performance_config": [],
            "params": [],
            "project": "csb-middleware-bench",
            "reservation_affinity": [],
            "resource_policies": null,
            "scheduling": [
              {
                "automatic_restart": true,
                "instance_termination_action": "",
                "local_ssd_recovery_timeout": [],
                "min_node_cpus": 0,
                "node_affinities": [],
                "on_host_maintenance": "MIGRATE",
                "preemptible": false,
                "provisioning_model": "STANDARD"
              }
            ],
            "scratch_disk": [],
            "self_link": "https://www.googleapis.com/compute/v1/projects/csb-middleware-bench/zones/europe-west10-a/instances/docker-vm",
            "service_account": [
              {
                "email": "708356171825-compute@developer.gserviceaccount.com",
                "scopes": [
                  "https://www.googleapis.com/auth/cloud-platform"
                ]
              }
            ],
            "shielded_instance_config": [
              {
                "enable_integrity_monitoring": true,
                "enable_secure_boot": false,
                "enable_vtpm": true
              }
            ],
            "tags": [
              "http-server",
              "https-server"
            ],
            "tags_fingerprint": "6smc4R4d39I=",
            "terraform_labels": {},
            "timeouts": null,
            "zone": "europe-west10-a"
          },
          "sensitive_attributes": [],
          "private": "eyJlMmJmYjczMC1lY2FhLTExZTYtOGY4OC0zNDM2M2JjN2M0YzAiOnsiY3JlYXRlIjoxMjAwMDAwMDAwMDAwLCJkZWxldGUiOjEyMDAwMDAwMDAwMDAsInVwZGF0ZSI6MTIwMDAwMDAwMDAwMH0sInNjaGVtYV92ZXJzaW9uIjoiNiJ9"
        }
      ]
    },
    {
      "mode": "managed",
      "type": "null_resource",
      "name": "benchmark_waiter",
      "provider": "provider[\"registry.terraform.io/hashicorp/null\"]",
      "instances": [
        {
          "status": "tainted",
          "schema_version": 0,
          "attributes": {
            "id": "8422820132199511691",
            "triggers": {
              "always_run": "2023-12-31T17:10:14Z"
            }
          },
          "sensitive_attributes": [],
          "dependencies": [
            "google_compute_instance.vm_instance"
          ]
        }
      ]
    }
  ],
  "check_results": null
}
